
Microsoft Visual Studio Solution File, Format Version 12.00
# Visual Studio Version 16
VisualStudioVersion = 16.0.31205.134
MinimumVisualStudioVersion = 10.0.40219.1
Project("{9A19103F-16F7-4668-BE54-9A1E7A4F7556}") = "Day3", "Day3\Day3.csproj", "{4236017E-F284-47CC-9BA3-20976B8A284D}"
EndProject
Project("{9A19103F-16F7-4668-BE54-9A1E7A4F7556}") = "Day1", "Day1\Day1.csproj", "{118FC78A-B385-4E1D-BB2D-DDB963BD11A4}"
EndProject
Project("{9A19103F-16F7-4668-BE54-9A1E7A4F7556}") = "Day2", "Day2\Day2.csproj", "{86504018-D240-4D18-BDC3-1EEE7B0AFA87}"
EndProject
Global
	GlobalSection(SolutionConfigurationPlatforms) = preSolution
		Debug|Any CPU = Debug|Any CPU
		Release|Any CPU = Release|Any CPU
	EndGlobalSection
	GlobalSection(ProjectConfigurationPlatforms) = postSolution
		{4236017E-F284-47CC-9BA3-20976B8A284D}.Debug|Any CPU.ActiveCfg = Debug|Any CPU
		{4236017E-F284-47CC-9BA3-20976B8A284D}.Debug|Any CPU.Build.0 = Debug|Any CPU
		{4236017E-F284-47CC-9BA3-20976B8A284D}.Release|Any CPU.ActiveCfg = Release|Any CPU
		{4236017E-F284-47CC-9BA3-20976B8A284D}.Release|Any CPU.Build.0 = Release|Any CPU
		{118FC78A-B385-4E1D-BB2D-DDB963BD11A4}.Debug|Any CPU.ActiveCfg = Debug|Any CPU
		{118FC78A-B385-4E1D-BB2D-DDB963BD11A4}.Debug|Any CPU.Build.0 = Debug|Any CPU
		{118FC78A-B385-4E1D-BB2D-DDB963BD11A4}.Release|Any CPU.ActiveCfg = Release|Any CPU
		{118FC78A-B385-4E1D-BB2D-DDB963BD11A4}.Release|Any CPU.Build.0 = Release|Any CPU
		{86504018-D240-4D18-BDC3-1EEE7B0AFA87}.Debug|Any CPU.ActiveCfg = Debug|Any CPU
		{86504018-D240-4D18-BDC3-1EEE7B0AFA87}.Debug|Any CPU.Build.0 = Debug|Any CPU
		{86504018-D240-4D18-BDC3-1EEE7B0AFA87}.Release|Any CPU.ActiveCfg = Release|Any CPU
		{86504018-D240-4D18-BDC3-1EEE7B0AFA87}.Release|Any CPU.Build.0 = Release|Any CPU
	EndGlobalSection
	GlobalSection(SolutionProperties) = preSolution
		HideSolutionNode = FALSE
	EndGlobalSection
	GlobalSection(ExtensibilityGlobals) = postSolution
		SolutionGuid = {2DEFF775-86A5-4BB1-9977-C386229FB9D2}
	EndGlobalSection
EndGlobal
